
Microsoft Visual Studio Solution File, Format Version 12.00
# Visual Studio Version 16
VisualStudioVersion = 16.0.30413.136
MinimumVisualStudioVersion = 10.0.40219.1
Project("{FAE04EC0-301F-11D3-BF4B-00C04F79EFBC}") = "CoolingSystemElips", "CoolingSystemElips\CoolingSystemElips.csproj", "{DB6393E0-DE63-41EF-9786-805502543226}"
EndProject
Global
	GlobalSection(SolutionConfigurationPlatforms) = preSolution
		Debug|Any CPU = Debug|Any CPU
		Release|Any CPU = Release|Any CPU
	EndGlobalSection
	GlobalSection(ProjectConfigurationPlatforms) = postSolution
		{DB6393E0-DE63-41EF-9786-805502543226}.Debug|Any CPU.ActiveCfg = Debug|Any CPU
		{DB6393E0-DE63-41EF-9786-805502543226}.Debug|Any CPU.Build.0 = Debug|Any CPU
		{DB6393E0-DE63-41EF-9786-805502543226}.Release|Any CPU.ActiveCfg = Release|Any CPU
		{DB6393E0-DE63-41EF-9786-805502543226}.Release|Any CPU.Build.0 = Release|Any CPU
	EndGlobalSection
	GlobalSection(SolutionProperties) = preSolution
		HideSolutionNode = FALSE
	EndGlobalSection
	GlobalSection(ExtensibilityGlobals) = postSolution
		SolutionGuid = {5A1AC7FD-17B3-45E6-B81B-B968D2995463}
	EndGlobalSection
EndGlobal
